
Microsoft Visual Studio Solution File, Format Version 12.00
# Visual Studio Version 16
VisualStudioVersion = 16.0.31321.278
MinimumVisualStudioVersion = 10.0.40219.1
Project("{FAE04EC0-301F-11D3-BF4B-00C04F79EFBC}") = "ApexChartsSample", "ApexChartsSample\ApexChartsSample.csproj", "{57C2D57C-642E-4A7E-84AB-F3CD5B99C51D}"
EndProject
Global
	GlobalSection(SolutionConfigurationPlatforms) = preSolution
		Debug|Any CPU = Debug|Any CPU
		Release|Any CPU = Release|Any CPU
	EndGlobalSection
	GlobalSection(ProjectConfigurationPlatforms) = postSolution
		{57C2D57C-642E-4A7E-84AB-F3CD5B99C51D}.Debug|Any CPU.ActiveCfg = Debug|Any CPU
		{57C2D57C-642E-4A7E-84AB-F3CD5B99C51D}.Debug|Any CPU.Build.0 = Debug|Any CPU
		{57C2D57C-642E-4A7E-84AB-F3CD5B99C51D}.Release|Any CPU.ActiveCfg = Release|Any CPU
		{57C2D57C-642E-4A7E-84AB-F3CD5B99C51D}.Release|Any CPU.Build.0 = Release|Any CPU
	EndGlobalSection
	GlobalSection(SolutionProperties) = preSolution
		HideSolutionNode = FALSE
	EndGlobalSection
	GlobalSection(ExtensibilityGlobals) = postSolution
		SolutionGuid = {8C0DFC65-22FE-4852-B997-041C8301E2D5}
	EndGlobalSection
EndGlobal
